
Microsoft Visual Studio Solution File, Format Version 12.00
# Visual Studio Version 17
VisualStudioVersion = 17.9.34714.143
MinimumVisualStudioVersion = 10.0.40219.1
Project("{FAE04EC0-301F-11D3-BF4B-00C04F79EFBC}") = "RazorPagesPrabesh", "RazorPagesPrabesh.csproj", "{ADEE7C84-1375-43E3-8F3E-CF4371E1BD3E}"
EndProject
Global
	GlobalSection(SolutionConfigurationPlatforms) = preSolution
		Debug|Any CPU = Debug|Any CPU
		Release|Any CPU = Release|Any CPU
	EndGlobalSection
	GlobalSection(ProjectConfigurationPlatforms) = postSolution
		{ADEE7C84-1375-43E3-8F3E-CF4371E1BD3E}.Debug|Any CPU.ActiveCfg = Debug|Any CPU
		{ADEE7C84-1375-43E3-8F3E-CF4371E1BD3E}.Debug|Any CPU.Build.0 = Debug|Any CPU
		{ADEE7C84-1375-43E3-8F3E-CF4371E1BD3E}.Release|Any CPU.ActiveCfg = Release|Any CPU
		{ADEE7C84-1375-43E3-8F3E-CF4371E1BD3E}.Release|Any CPU.Build.0 = Release|Any CPU
	EndGlobalSection
	GlobalSection(SolutionProperties) = preSolution
		HideSolutionNode = FALSE
	EndGlobalSection
	GlobalSection(ExtensibilityGlobals) = postSolution
		SolutionGuid = {C2485157-5278-406E-B89D-C80F624342CD}
	EndGlobalSection
EndGlobal
